{
  "name": "gladys-velux-klf200",
  "version": "1.0.0",
  "lockfileVersion": 3,
  "requires": true,
  "packages": {
    "": {
      "name": "gladys-velux-klf200",
      "version": "1.0.0",
      "license": "UNLICENSED",
      "dependencies": {
        "@gladysassistant/integration-sdk": "^0.12.0",
        "klf-200-api": "^6.0.0"
      },
      "engines": {
        "node": ">=20"
      }
    },
    "node_modules/@gladysassistant/integration-sdk": {
      "version": "0.12.0",
      "resolved": "https://registry.npmjs.org/@gladysassistant/integration-sdk/-/integration-sdk-0.12.0.tgz",
      "integrity": "sha512-FiUPv5f6LTdiRjjyKKS6QRe5jyvVexJkb8CaAKIJwMi8yVEvhFCV5jcx0ELtBWydRK12uoslrPnvYNfGbis0mQ==",
      "license": "Apache-2.0",
      "dependencies": {
        "ws": "^8.18.0"
      },
      "engines": {
        "node": ">=20"
      }
    },
    "node_modules/@types/promise-timeout": {
      "version": "1.3.3",
      "resolved": "https://registry.npmjs.org/@types/promise-timeout/-/promise-timeout-1.3.3.tgz",
      "integrity": "sha512-gqmIw/4R1F1bqY5hWWZP0YE66iy6KkIu0tICpOLdXBuyHOAaSy9bNvwWHTJxyYHLozkieHM3Ej9GrYA6nuQPMA==",
      "license": "MIT"
    },
    "node_modules/debug": {
      "version": "4.4.3",
      "resolved": "https://registry.npmjs.org/debug/-/debug-4.4.3.tgz",
      "integrity": "sha512-RGwwWnwQvkVfavKVt22FGLw+xYSdzARwm0ru6DhTVA3umU5hZc28V3kO4stgYryrTlLpuvgI9GiijltAjNbcqA==",
      "license": "MIT",
      "dependencies": {
        "ms": "^2.1.3"
      },
      "engines": {
        "node": ">=6.0"
      },
      "peerDependenciesMeta": {
        "supports-color": {
          "optional": true
        }
      }
    },
    "node_modules/klf-200-api": {
      "version": "6.0.2",
      "resolved": "https://registry.npmjs.org/klf-200-api/-/klf-200-api-6.0.2.tgz",
      "integrity": "sha512-+d6JLwfU1Cbo+EcCavXsh3hw28BEd6veLg3tAmv3hazDZk8/ryNCD9BL79t0DB4jecn4/4OigSyyZMEpfXO3jQ==",
      "license": "MIT",
      "dependencies": {
        "@types/promise-timeout": "^1.3.3",
        "debug": "^4.3.7",
        "promise-timeout": "^1.3.0"
      }
    },
    "node_modules/ms": {
      "version": "2.1.3",
      "resolved": "https://registry.npmjs.org/ms/-/ms-2.1.3.tgz",
      "integrity": "sha512-6FlzubTLZG3J2a/NVCAleEhjzq5oxgHyaCU9yYXvcLsvoVaHJq/s5xXI6/XXP6tz7R9xAOtHnSO/tXtF3WRTlA==",
      "license": "MIT"
    },
    "node_modules/promise-timeout": {
      "version": "1.3.0",
      "resolved": "https://registry.npmjs.org/promise-timeout/-/promise-timeout-1.3.0.tgz",
      "integrity": "sha512-5yANTE0tmi5++POym6OgtFmwfDvOXABD9oj/jLQr5GPEyuNEb7jH4wbbANJceJid49jwhi1RddxnhnEAb/doqg==",
      "license": "MIT"
    },
    "node_modules/ws": {
      "version": "8.21.3",
      "resolved": "https://registry.npmjs.org/ws/-/ws-8.21.3.tgz",
      "integrity": "sha512-201TZ/kPWxoPr/OKWjquZR1SWKXcvxdH+e1xrx89b3YbmzLMFCLfnaG1HFIgWzJOEWZ7MvpK++odZufgYR50Rw==",
      "license": "MIT",
      "engines": {
        "node": ">=10.0.0"
      },
      "peerDependencies": {
        "bufferutil": "^4.0.1",
        "utf-8-validate": ">=5.0.2"
      },
      "peerDependenciesMeta": {
        "bufferutil": {
          "optional": true
        },
        "utf-8-validate": {
          "optional": true
        }
      }
    }
  }
}
